{
  "name": "webgpu",
  "version": "0.0.0",
  "lockfileVersion": 2,
  "requires": true,
  "packages": {
    "": {
      "name": "webgpu",
      "version": "0.0.0",
      "dependencies": {
        "@webgpu/types": "0.1.26"
      }
    },
    "node_modules/@webgpu/types": {
      "version": "0.1.26",
      "resolved": "https://registry.npmjs.org/@webgpu/types/-/types-0.1.26.tgz",
      "integrity": "sha512-UgJdvWyWex2aG6u9Erx8cJCYiB0Voy4Vk0FfeUl8k7pHxUbCKbPNm0YKZNzxsOuZWn178hPbsMlpfvI8D6lA+w=="
    }
  },
  "dependencies": {
    "@webgpu/types": {
      "version": "0.1.26",
      "resolved": "https://registry.npmjs.org/@webgpu/types/-/types-0.1.26.tgz",
      "integrity": "sha512-UgJdvWyWex2aG6u9Erx8cJCYiB0Voy4Vk0FfeUl8k7pHxUbCKbPNm0YKZNzxsOuZWn178hPbsMlpfvI8D6lA+w=="
    }
  }
}
